
Microsoft Visual Studio Solution File, Format Version 12.00
# Visual Studio Version 17
VisualStudioVersion = 17.14.36203.30 d17.14
MinimumVisualStudioVersion = 10.0.40219.1
Project("{FAE04EC0-301F-11D3-BF4B-00C04F79EFBC}") = "SANMIGUEL_IT202WM_LABACT1_FINAL", "SANMIGUEL_IT202WM_LABACT1_FINAL\SANMIGUEL_IT202WM_LABACT1_FINAL.csproj", "{4614435B-FCAF-4FE9-AE7D-CC6A54F89448}"
EndProject
Global
	GlobalSection(SolutionConfigurationPlatforms) = preSolution
		Debug|Any CPU = Debug|Any CPU
		Release|Any CPU = Release|Any CPU
	EndGlobalSection
	GlobalSection(ProjectConfigurationPlatforms) = postSolution
		{4614435B-FCAF-4FE9-AE7D-CC6A54F89448}.Debug|Any CPU.ActiveCfg = Debug|Any CPU
		{4614435B-FCAF-4FE9-AE7D-CC6A54F89448}.Debug|Any CPU.Build.0 = Debug|Any CPU
		{4614435B-FCAF-4FE9-AE7D-CC6A54F89448}.Release|Any CPU.ActiveCfg = Release|Any CPU
		{4614435B-FCAF-4FE9-AE7D-CC6A54F89448}.Release|Any CPU.Build.0 = Release|Any CPU
	EndGlobalSection
	GlobalSection(SolutionProperties) = preSolution
		HideSolutionNode = FALSE
	EndGlobalSection
	GlobalSection(ExtensibilityGlobals) = postSolution
		SolutionGuid = {03B95894-D4F2-4974-A3ED-05A933D8E366}
	EndGlobalSection
EndGlobal
